
Microsoft Visual Studio Solution File, Format Version 12.00
# Visual Studio Version 17
VisualStudioVersion = 17.8.34330.188
MinimumVisualStudioVersion = 10.0.40219.1
Project("{FAE04EC0-301F-11D3-BF4B-00C04F79EFBC}") = "War Game", "War Game\War Game.csproj", "{90D15186-C538-434C-BA9C-F24AD14F1E0A}"
EndProject
Global
	GlobalSection(SolutionConfigurationPlatforms) = preSolution
		Debug|Any CPU = Debug|Any CPU
		Release|Any CPU = Release|Any CPU
	EndGlobalSection
	GlobalSection(ProjectConfigurationPlatforms) = postSolution
		{90D15186-C538-434C-BA9C-F24AD14F1E0A}.Debug|Any CPU.ActiveCfg = Debug|Any CPU
		{90D15186-C538-434C-BA9C-F24AD14F1E0A}.Debug|Any CPU.Build.0 = Debug|Any CPU
		{90D15186-C538-434C-BA9C-F24AD14F1E0A}.Release|Any CPU.ActiveCfg = Release|Any CPU
		{90D15186-C538-434C-BA9C-F24AD14F1E0A}.Release|Any CPU.Build.0 = Release|Any CPU
	EndGlobalSection
	GlobalSection(SolutionProperties) = preSolution
		HideSolutionNode = FALSE
	EndGlobalSection
	GlobalSection(ExtensibilityGlobals) = postSolution
		SolutionGuid = {00D751EA-9FC6-4D94-93CD-EB519DB2DFBB}
	EndGlobalSection
EndGlobal
